
Microsoft Visual Studio Solution File, Format Version 12.00
# Visual Studio Version 17
VisualStudioVersion = 17.11.35208.52
MinimumVisualStudioVersion = 10.0.40219.1
Project("{F184B08F-C81C-45F6-A57F-5ABD9991F28F}") = "minisupermelillo", "minisupermelillo\minisupermelillo.vbproj", "{B8F72D30-4F48-41B9-97D6-732E235A3945}"
EndProject
Global
	GlobalSection(SolutionConfigurationPlatforms) = preSolution
		Debug|Any CPU = Debug|Any CPU
		Release|Any CPU = Release|Any CPU
	EndGlobalSection
	GlobalSection(ProjectConfigurationPlatforms) = postSolution
		{B8F72D30-4F48-41B9-97D6-732E235A3945}.Debug|Any CPU.ActiveCfg = Debug|Any CPU
		{B8F72D30-4F48-41B9-97D6-732E235A3945}.Debug|Any CPU.Build.0 = Debug|Any CPU
		{B8F72D30-4F48-41B9-97D6-732E235A3945}.Release|Any CPU.ActiveCfg = Release|Any CPU
		{B8F72D30-4F48-41B9-97D6-732E235A3945}.Release|Any CPU.Build.0 = Release|Any CPU
	EndGlobalSection
	GlobalSection(SolutionProperties) = preSolution
		HideSolutionNode = FALSE
	EndGlobalSection
	GlobalSection(ExtensibilityGlobals) = postSolution
		SolutionGuid = {2F00A9D0-8F93-4668-8FDF-B0FF3EDE399A}
	EndGlobalSection
EndGlobal
